
Microsoft Visual Studio Solution File, Format Version 12.00
# Visual Studio Version 16
VisualStudioVersion = 16.0.30114.105
MinimumVisualStudioVersion = 10.0.40219.1
Project("{FAE04EC0-301F-11D3-BF4B-00C04F79EFBC}") = "UpdateImage", "UpdateImage\UpdateImage.csproj", "{14A8EBDD-7CB8-4692-A97F-940739B4C7F2}"
EndProject
Global
	GlobalSection(SolutionConfigurationPlatforms) = preSolution
		Debug|Any CPU = Debug|Any CPU
		Release|Any CPU = Release|Any CPU
	EndGlobalSection
	GlobalSection(ProjectConfigurationPlatforms) = postSolution
		{14A8EBDD-7CB8-4692-A97F-940739B4C7F2}.Debug|Any CPU.ActiveCfg = Debug|Any CPU
		{14A8EBDD-7CB8-4692-A97F-940739B4C7F2}.Debug|Any CPU.Build.0 = Debug|Any CPU
		{14A8EBDD-7CB8-4692-A97F-940739B4C7F2}.Release|Any CPU.ActiveCfg = Release|Any CPU
		{14A8EBDD-7CB8-4692-A97F-940739B4C7F2}.Release|Any CPU.Build.0 = Release|Any CPU
	EndGlobalSection
	GlobalSection(SolutionProperties) = preSolution
		HideSolutionNode = FALSE
	EndGlobalSection
	GlobalSection(ExtensibilityGlobals) = postSolution
		SolutionGuid = {480DFFB0-9941-4965-9FD5-2E20DD3F2FA9}
	EndGlobalSection
EndGlobal
